
Microsoft Visual Studio Solution File, Format Version 12.00
# Visual Studio 14
VisualStudioVersion = 14.0.25420.1
MinimumVisualStudioVersion = 10.0.40219.1
Project("{2150E333-8FDC-42A3-9474-1A3956D46DE8}") = "Libraries", "Libraries", "{821AC088-E913-428E-883E-CB67A3EFB65D}"
EndProject
Project("{2150E333-8FDC-42A3-9474-1A3956D46DE8}") = "Modules", "Modules", "{AAD1EA8B-01A9-4D52-8F72-49563B9C5573}"
EndProject
Project("{2150E333-8FDC-42A3-9474-1A3956D46DE8}") = "Themes", "Themes", "{142C1A4D-CD11-419D-88CE-ED97548901AA}"
EndProject
Project("{2150E333-8FDC-42A3-9474-1A3956D46DE8}") = "ThemesAdmin", "ThemesAdmin", "{ED0344A4-3780-4081-A910-54114DBFC2D9}"
EndProject
Project("{2150E333-8FDC-42A3-9474-1A3956D46DE8}") = "Sites", "Sites", "{4641B8B9-62AD-45A5-B0C0-9F31BBC8B425}"
EndProject
Project("{FAE04EC0-301F-11D3-BF4B-00C04F79EFBC}") = "SitesFiles", "SitesFiles\SitesFiles.csproj", "{54548A99-0B95-4143-A4DF-2E92EEA5752A}"
EndProject
Project("{2150E333-8FDC-42A3-9474-1A3956D46DE8}") = "Utilities", "Utilities", "{67FA933C-12AB-44BC-BF7A-6A5F4FD919DD}"
EndProject
Project("{FAE04EC0-301F-11D3-BF4B-00C04F79EFBC}") = "Laser.Orchard.LinkCreator", "Utilities\Laser.Orchard.LinkCreator\Laser.Orchard.LinkCreator.csproj", "{D903D279-3F10-45CF-B6B4-6D4E48666B62}"
EndProject
Project("{FAE04EC0-301F-11D3-BF4B-00C04F79EFBC}") = "Laser.Orchard.TranslationChecker", "Utilities\Laser.Orchard.TranslationChecker\Laser.Orchard.TranslationChecker.csproj", "{5CCFEF5A-D043-4F3B-A198-650736EFA8AE}"
EndProject
Project("{FAE04EC0-301F-11D3-BF4B-00C04F79EFBC}") = "Nwazet.Commerce", "..\..\Nwazet.Commerce\Nwazet.Commerce.csproj", "{909ACC2C-D672-4752-B75B-6822E05FE0E3}"
EndProject
Project("{FAE04EC0-301F-11D3-BF4B-00C04F79EFBC}") = "Laser.Orchard.Commons", "Libraries\Laser.Orchard.Commons\Laser.Orchard.Commons.csproj", "{9D49DF40-AE74-4CCE-B628-A1B26E99B2D4}"
EndProject
Project("{FAE04EC0-301F-11D3-BF4B-00C04F79EFBC}") = "Contrib.Profile", "Modules\Contrib.Profile\Contrib.Profile.csproj", "{BB5C57F4-D9CB-4440-89A6-D9FF9F41E4E3}"
EndProject
Project("{FAE04EC0-301F-11D3-BF4B-00C04F79EFBC}") = "itWORKS.ExtendedRegistration", "Modules\itWORKS.ExtendedRegistration\itWORKS.ExtendedRegistration.csproj", "{AF502A24-07C4-46D4-A4FA-E49D35BA34A4}"
EndProject
Project("{FAE04EC0-301F-11D3-BF4B-00C04F79EFBC}") = "Laser.Orchard.Accessibility", "Modules\Laser.Orchard.Accessibility\Laser.Orchard.Accessibility.csproj", "{75C5D13F-7558-4B7C-9206-1D08E87A7E79}"
EndProject
Project("{FAE04EC0-301F-11D3-BF4B-00C04F79EFBC}") = "Laser.Orchard.BikeSharing", "Modules\Laser.Orchard.BikeSharing\Laser.Orchard.BikeSharing.csproj", "{9D2AA3C6-A642-4F0D-9FB8-3F009C778E0B}"
EndProject
Project("{FAE04EC0-301F-11D3-BF4B-00C04F79EFBC}") = "Laser.Orchard.ButtonToWorkflows", "Modules\Laser.Orchard.ButtonToWorkflows\Laser.Orchard.ButtonToWorkflows.csproj", "{71BC32D3-96C6-4AA1-AED8-CF1546AB4C21}"
EndProject
Project("{FAE04EC0-301F-11D3-BF4B-00C04F79EFBC}") = "Laser.Orchard.Cookies", "Modules\Laser.Orchard.Cookies\Laser.Orchard.Cookies.csproj", "{BDB0CD8D-7C6C-46F0-A041-6B2E1E0F9C9E}"
EndProject
Project("{FAE04EC0-301F-11D3-BF4B-00C04F79EFBC}") = "Laser.Orchard.DynamicNavigation", "Modules\Laser.Orchard.DynamicNavigation\Laser.Orchard.DynamicNavigation.csproj", "{97CF07E6-8C4A-448D-BAB5-23357C9D0216}"
EndProject
Project("{FAE04EC0-301F-11D3-BF4B-00C04F79EFBC}") = "Laser.Orchard.FAQ", "Modules\Laser.Orchard.Faq\Laser.Orchard.FAQ.csproj", "{9F48A045-C143-4719-B723-B3567C7DE3D8}"
EndProject
Project("{FAE04EC0-301F-11D3-BF4B-00C04F79EFBC}") = "Laser.Orchard.GoogleAnalytics", "Modules\Laser.Orchard.GoogleAnalytics\Laser.Orchard.GoogleAnalytics.csproj", "{8DF6ED57-53F6-44E8-9BCD-40C2150A5A43}"
EndProject
Project("{FAE04EC0-301F-11D3-BF4B-00C04F79EFBC}") = "Laser.Orchard.jQueryPlugins", "Modules\Laser.Orchard.jQueryPlugins\Laser.Orchard.jQueryPlugins.csproj", "{7A05758D-761E-4B5D-8A64-B93BE5DA3C93}"
EndProject
Project("{FAE04EC0-301F-11D3-BF4B-00C04F79EFBC}") = "Laser.Orchard.Maps", "Modules\Laser.Orchard.Maps\Laser.Orchard.Maps.csproj", "{F9938918-B132-4393-A28D-105A24ABA054}"
EndProject
Project("{FAE04EC0-301F-11D3-BF4B-00C04F79EFBC}") = "Laser.Orchard.ZoneAlternates", "Modules\Laser.Orchard.ZoneAlternates\Laser.Orchard.ZoneAlternates.csproj", "{02355F1C-3256-40C6-92B4-8ACE9E39A6AF}"
EndProject
Project("{FAE04EC0-301F-11D3-BF4B-00C04F79EFBC}") = "Laser.Orchard.ShortLinks", "Modules\Laser.Orchard.ShortLinks\Laser.Orchard.ShortLinks.csproj", "{EC3AC4A2-7368-4609-999B-29965418372C}"
EndProject
Project("{FAE04EC0-301F-11D3-BF4B-00C04F79EFBC}") = "Laser.Orchard.Sharing", "Modules\Laser.Orchard.Sharing\Laser.Orchard.Sharing.csproj", "{975D6F8C-1AA5-4E4C-9712-74D6A3D966B6}"
EndProject
Project("{FAE04EC0-301F-11D3-BF4B-00C04F79EFBC}") = "Laser.Orchard.Meteo", "Modules\Laser.Orchard.Meteo\Laser.Orchard.Meteo.csproj", "{9D8BFBD0-3F33-45C4-B680-6500D76FDFA3}"
EndProject
Project("{FAE04EC0-301F-11D3-BF4B-00C04F79EFBC}") = "Contrib.Reviews", "Modules\Contrib.Reviews\Contrib.Reviews.csproj", "{F72680EB-12EE-482F-93C8-2F1279E2B710}"
EndProject
Project("{FAE04EC0-301F-11D3-BF4B-00C04F79EFBC}") = "Contrib.Voting", "Modules\Contrib.Voting\Contrib.Voting.csproj", "{4DA5F35F-E62C-4B49-B5A8-379503257B3A}"
EndProject
Project("{FAE04EC0-301F-11D3-BF4B-00C04F79EFBC}") = "Laser.Orchard.ShareLink", "Modules\Laser.Orchard.ShareLink\Laser.Orchard.ShareLink.csproj", "{D0E4C97C-7504-464F-881C-9804C1991AB0}"
EndProject
Project("{FAE04EC0-301F-11D3-BF4B-00C04F79EFBC}") = "Laser.Orchard.Queries", "Modules\Laser.Orchard.Queries\Laser.Orchard.Queries.csproj", "{D494B57F-2AE6-460F-9785-565376409AFC}"
EndProject
Project("{FAE04EC0-301F-11D3-BF4B-00C04F79EFBC}") = "Proligence.QrCodes", "Modules\Proligence.QrCodes\Proligence.QrCodes.csproj", "{9F6F1121-7570-4031-B775-CCB888038B6A}"
EndProject
Project("{FAE04EC0-301F-11D3-BF4B-00C04F79EFBC}") = "Laser.Orchard.StartupConfig", "Modules\Laser.Orchard.StartupConfig\Laser.Orchard.StartupConfig.csproj", "{17DB396A-E8CE-4317-B558-8A5C17206518}"
EndProject
Project("{FAE04EC0-301F-11D3-BF4B-00C04F79EFBC}") = "Orchard.Captcha", "Modules\Orchard.Captcha\Orchard.Captcha.csproj", "{33CB7425-D01A-41DD-B389-0772101BAF05}"
EndProject
Project("{FAE04EC0-301F-11D3-BF4B-00C04F79EFBC}") = "Laser.Orchard.AdminToolbarExtensions", "Modules\Laser.Orchard.AdminToolbarExtensions\Laser.Orchard.AdminToolbarExtensions.csproj", "{38090550-EAD0-420F-B45B-D76261E7044D}"
EndProject
Project("{FAE04EC0-301F-11D3-BF4B-00C04F79EFBC}") = "Laser.Orchard.HiddenFields", "Modules\Laser.Orchard.HiddenFields\Laser.Orchard.HiddenFields.csproj", "{57FB1498-3C95-4C13-A8EA-2505FA13E7B3}"
EndProject
Project("{FAE04EC0-301F-11D3-BF4B-00C04F79EFBC}") = "Laser.Orchard.SEO", "Modules\Laser.Orchard.SEO\Laser.Orchard.SEO.csproj", "{3512D074-E5B4-4F06-AD78-A6117DAC8334}"
EndProject
Project("{FAE04EC0-301F-11D3-BF4B-00C04F79EFBC}") = "Laser.Orchard.Translator", "Modules\Laser.Orchard.Translator\Laser.Orchard.Translator.csproj", "{677F97F0-2D20-4720-B544-A4959D045383}"
EndProject
Project("{FAE04EC0-301F-11D3-BF4B-00C04F79EFBC}") = "Laser.Orchard.Vimeo", "Modules\Laser.Orchard.Vimeo\Laser.Orchard.Vimeo.csproj", "{97CB9F52-4116-4909-98CA-A5CA6EF3B034}"
EndProject
Project("{FAE04EC0-301F-11D3-BF4B-00C04F79EFBC}") = "Laser.Orchard.PaymentGateway", "Modules\Laser.Orchard.PaymentGateway\Laser.Orchard.PaymentGateway.csproj", "{E6900A95-3D80-497D-AD29-998ADC8AD3D7}"
EndProject
Project("{FAE04EC0-301F-11D3-BF4B-00C04F79EFBC}") = "Laser.Orchard.TaskScheduler", "Modules\Laser.Orchard.TaskScheduler\Laser.Orchard.TaskScheduler.csproj", "{5A721556-43D7-497D-9E4F-7A83AB9EBE1F}"
EndProject
Project("{FAE04EC0-301F-11D3-BF4B-00C04F79EFBC}") = "Laser.Orchard.DevTools", "Modules\Laser.Orchard.DevTools\Laser.Orchard.DevTools.csproj", "{35D04F8A-131E-4AF5-845A-075D897CCD38}"
EndProject
Project("{FAE04EC0-301F-11D3-BF4B-00C04F79EFBC}") = "Laser.Orchard.ContentExtension", "Modules\Laser.Orchard.ContentExtension\Laser.Orchard.ContentExtension.csproj", "{0889FCD5-17E7-401A-8377-E308B797AC66}"
EndProject
Project("{FAE04EC0-301F-11D3-BF4B-00C04F79EFBC}") = "Laser.Orchard.TemplateManagement", "Modules\Laser.Orchard.TemplateManagement\Laser.Orchard.TemplateManagement.csproj", "{CA85F4F3-216C-4EAB-BFBC-4044EE307CD7}"
EndProject
Project("{FAE04EC0-301F-11D3-BF4B-00C04F79EFBC}") = "Laser.Orchard.ExternalContent", "Modules\Laser.Orchard.ExternalContent\Laser.Orchard.ExternalContent.csproj", "{6FEC3EAC-8D78-4B68-8C9C-07636109D866}"
EndProject
Project("{FAE04EC0-301F-11D3-BF4B-00C04F79EFBC}") = "Laser.Orchard.UserReactions", "Modules\Laser.Orchard.UserReactions\Laser.Orchard.UserReactions.csproj", "{6F7B43E7-25B0-4CE4-B0FE-5087437540CA}"
EndProject
Project("{FAE04EC0-301F-11D3-BF4B-00C04F79EFBC}") = "Laser.Orchard.OpenAuthentication", "Modules\Laser.Orchard.OpenAuthentication\Laser.Orchard.OpenAuthentication.csproj", "{9CE00190-3ABE-41E2-966F-76A9B017EB65}"
EndProject
Project("{FAE04EC0-301F-11D3-BF4B-00C04F79EFBC}") = "Laser.Orchard.Events", "Modules\Laser.Orchard.Events\Laser.Orchard.Events.csproj", "{FC5B52EC-3CF9-42DA-850D-36D110BBE121}"
EndProject
Project("{FAE04EC0-301F-11D3-BF4B-00C04F79EFBC}") = "Laser.Orchard.Braintree", "Modules\Laser.Orchard.Braintree\Laser.Orchard.Braintree.csproj", "{DDF6FDC9-29A3-43E6-8724-3CE9E26289B6}"
EndProject
Project("{FAE04EC0-301F-11D3-BF4B-00C04F79EFBC}") = "Laser.Orchard.Policy", "Modules\Laser.Orchard.Policy\Laser.Orchard.Policy.csproj", "{09A8FBDA-B443-4F01-BC64-8115AC31ABB3}"
EndProject
Project("{FAE04EC0-301F-11D3-BF4B-00C04F79EFBC}") = "Laser.Orchard.CommunicationGateway", "Modules\Laser.Orchard.CommunicationGateway\Laser.Orchard.CommunicationGateway.csproj", "{BB12E69F-0976-407D-A716-542B7D22EE5F}"
EndProject
Project("{FAE04EC0-301F-11D3-BF4B-00C04F79EFBC}") = "Laser.Orchard.WebServices", "Modules\Laser.Orchard.WebServices\Laser.Orchard.WebServices.csproj", "{AC33341C-4396-47A8-A1D7-0C74C9AA4969}"
EndProject
Project("{FAE04EC0-301F-11D3-BF4B-00C04F79EFBC}") = "Contrib.Widgets", "Modules\Contrib.Widgets\Contrib.Widgets.csproj", "{A6B41D71-280D-49DE-8E7C-607632D59D15}"
EndProject
Project("{FAE04EC0-301F-11D3-BF4B-00C04F79EFBC}") = "Laser.Orchard.Mobile", "Modules\Laser.Orchard.Mobile\Laser.Orchard.Mobile.csproj", "{B262E9D8-A4DA-4F70-9ABE-9CEB2D8D6171}"
EndProject
Project("{FAE04EC0-301F-11D3-BF4B-00C04F79EFBC}") = "Laser.Orchard.ChartaWS", "Modules\Laser.Orchard.ChartaWS\Laser.Orchard.ChartaWS.csproj", "{5279F7EA-8309-4B1C-A089-68ACF917C519}"
EndProject
Project("{FAE04EC0-301F-11D3-BF4B-00C04F79EFBC}") = "Laser.Orchard.ContactForm", "Modules\Laser.Orchard.ContactForm\Laser.Orchard.ContactForm.csproj", "{BC2AD33D-BA86-4BEF-B5F4-32CD47E026A1}"
EndProject
Project("{FAE04EC0-301F-11D3-BF4B-00C04F79EFBC}") = "Laser.Orchard.Questionnaires", "Modules\Laser.Orchard.Questionnaires\Laser.Orchard.Questionnaires.csproj", "{B6A3529F-6C4C-4ABF-8853-42C77717FD2B}"
EndProject
Project("{FAE04EC0-301F-11D3-BF4B-00C04F79EFBC}") = "Laser.Orchard.UsersExtensions", "Modules\Laser.Orchard.UsersExtensions\Laser.Orchard.UsersExtensions.csproj", "{A65D8BC6-6D65-41AA-B409-8FAED243F432}"
EndProject
Project("{FAE04EC0-301F-11D3-BF4B-00C04F79EFBC}") = "Laser.Orchard.MailCommunication", "Modules\Laser.Orchard.MailCommunication\Laser.Orchard.MailCommunication.csproj", "{EA281F43-9F89-4D66-A403-1BFE799D4761}"
EndProject
Global
	GlobalSection(SolutionConfigurationPlatforms) = preSolution
		Debug|Any CPU = Debug|Any CPU
		Release|Any CPU = Release|Any CPU
	EndGlobalSection
	GlobalSection(ProjectConfigurationPlatforms) = postSolution
		{54548A99-0B95-4143-A4DF-2E92EEA5752A}.Debug|Any CPU.ActiveCfg = Debug|Any CPU
		{54548A99-0B95-4143-A4DF-2E92EEA5752A}.Release|Any CPU.ActiveCfg = Release|Any CPU
		{D903D279-3F10-45CF-B6B4-6D4E48666B62}.Debug|Any CPU.ActiveCfg = Debug|Any CPU
		{D903D279-3F10-45CF-B6B4-6D4E48666B62}.Debug|Any CPU.Build.0 = Debug|Any CPU
		{D903D279-3F10-45CF-B6B4-6D4E48666B62}.Release|Any CPU.ActiveCfg = Release|Any CPU
		{D903D279-3F10-45CF-B6B4-6D4E48666B62}.Release|Any CPU.Build.0 = Release|Any CPU
		{5CCFEF5A-D043-4F3B-A198-650736EFA8AE}.Debug|Any CPU.ActiveCfg = Debug|Any CPU
		{5CCFEF5A-D043-4F3B-A198-650736EFA8AE}.Debug|Any CPU.Build.0 = Debug|Any CPU
		{5CCFEF5A-D043-4F3B-A198-650736EFA8AE}.Release|Any CPU.ActiveCfg = Release|Any CPU
		{5CCFEF5A-D043-4F3B-A198-650736EFA8AE}.Release|Any CPU.Build.0 = Release|Any CPU
		{909ACC2C-D672-4752-B75B-6822E05FE0E3}.Debug|Any CPU.ActiveCfg = Debug|Any CPU
		{909ACC2C-D672-4752-B75B-6822E05FE0E3}.Debug|Any CPU.Build.0 = Debug|Any CPU
		{909ACC2C-D672-4752-B75B-6822E05FE0E3}.Release|Any CPU.ActiveCfg = Release|Any CPU
		{909ACC2C-D672-4752-B75B-6822E05FE0E3}.Release|Any CPU.Build.0 = Release|Any CPU
		{9D49DF40-AE74-4CCE-B628-A1B26E99B2D4}.Debug|Any CPU.ActiveCfg = Debug|Any CPU
		{9D49DF40-AE74-4CCE-B628-A1B26E99B2D4}.Debug|Any CPU.Build.0 = Debug|Any CPU
		{9D49DF40-AE74-4CCE-B628-A1B26E99B2D4}.Release|Any CPU.ActiveCfg = Release|Any CPU
		{9D49DF40-AE74-4CCE-B628-A1B26E99B2D4}.Release|Any CPU.Build.0 = Release|Any CPU
		{BB5C57F4-D9CB-4440-89A6-D9FF9F41E4E3}.Debug|Any CPU.ActiveCfg = Debug|Any CPU
		{BB5C57F4-D9CB-4440-89A6-D9FF9F41E4E3}.Debug|Any CPU.Build.0 = Debug|Any CPU
		{BB5C57F4-D9CB-4440-89A6-D9FF9F41E4E3}.Release|Any CPU.ActiveCfg = Release|Any CPU
		{BB5C57F4-D9CB-4440-89A6-D9FF9F41E4E3}.Release|Any CPU.Build.0 = Release|Any CPU
		{AF502A24-07C4-46D4-A4FA-E49D35BA34A4}.Debug|Any CPU.ActiveCfg = Debug|Any CPU
		{AF502A24-07C4-46D4-A4FA-E49D35BA34A4}.Debug|Any CPU.Build.0 = Debug|Any CPU
		{AF502A24-07C4-46D4-A4FA-E49D35BA34A4}.Release|Any CPU.ActiveCfg = Release|Any CPU
		{AF502A24-07C4-46D4-A4FA-E49D35BA34A4}.Release|Any CPU.Build.0 = Release|Any CPU
		{75C5D13F-7558-4B7C-9206-1D08E87A7E79}.Debug|Any CPU.ActiveCfg = Debug|Any CPU
		{75C5D13F-7558-4B7C-9206-1D08E87A7E79}.Debug|Any CPU.Build.0 = Debug|Any CPU
		{75C5D13F-7558-4B7C-9206-1D08E87A7E79}.Release|Any CPU.ActiveCfg = Release|Any CPU
		{75C5D13F-7558-4B7C-9206-1D08E87A7E79}.Release|Any CPU.Build.0 = Release|Any CPU
		{9D2AA3C6-A642-4F0D-9FB8-3F009C778E0B}.Debug|Any CPU.ActiveCfg = Debug|Any CPU
		{9D2AA3C6-A642-4F0D-9FB8-3F009C778E0B}.Debug|Any CPU.Build.0 = Debug|Any CPU
		{9D2AA3C6-A642-4F0D-9FB8-3F009C778E0B}.Release|Any CPU.ActiveCfg = Release|Any CPU
		{9D2AA3C6-A642-4F0D-9FB8-3F009C778E0B}.Release|Any CPU.Build.0 = Release|Any CPU
		{71BC32D3-96C6-4AA1-AED8-CF1546AB4C21}.Debug|Any CPU.ActiveCfg = Debug|Any CPU
		{71BC32D3-96C6-4AA1-AED8-CF1546AB4C21}.Debug|Any CPU.Build.0 = Debug|Any CPU
		{71BC32D3-96C6-4AA1-AED8-CF1546AB4C21}.Release|Any CPU.ActiveCfg = Release|Any CPU
		{71BC32D3-96C6-4AA1-AED8-CF1546AB4C21}.Release|Any CPU.Build.0 = Release|Any CPU
		{BDB0CD8D-7C6C-46F0-A041-6B2E1E0F9C9E}.Debug|Any CPU.ActiveCfg = Debug|Any CPU
		{BDB0CD8D-7C6C-46F0-A041-6B2E1E0F9C9E}.Debug|Any CPU.Build.0 = Debug|Any CPU
		{BDB0CD8D-7C6C-46F0-A041-6B2E1E0F9C9E}.Release|Any CPU.ActiveCfg = Release|Any CPU
		{BDB0CD8D-7C6C-46F0-A041-6B2E1E0F9C9E}.Release|Any CPU.Build.0 = Release|Any CPU
		{97CF07E6-8C4A-448D-BAB5-23357C9D0216}.Debug|Any CPU.ActiveCfg = Debug|Any CPU
		{97CF07E6-8C4A-448D-BAB5-23357C9D0216}.Debug|Any CPU.Build.0 = Debug|Any CPU
		{97CF07E6-8C4A-448D-BAB5-23357C9D0216}.Release|Any CPU.ActiveCfg = Release|Any CPU
		{97CF07E6-8C4A-448D-BAB5-23357C9D0216}.Release|Any CPU.Build.0 = Release|Any CPU
		{9F48A045-C143-4719-B723-B3567C7DE3D8}.Debug|Any CPU.ActiveCfg = Debug|Any CPU
		{9F48A045-C143-4719-B723-B3567C7DE3D8}.Debug|Any CPU.Build.0 = Debug|Any CPU
		{9F48A045-C143-4719-B723-B3567C7DE3D8}.Release|Any CPU.ActiveCfg = Release|Any CPU
		{9F48A045-C143-4719-B723-B3567C7DE3D8}.Release|Any CPU.Build.0 = Release|Any CPU
		{8DF6ED57-53F6-44E8-9BCD-40C2150A5A43}.Debug|Any CPU.ActiveCfg = Debug|Any CPU
		{8DF6ED57-53F6-44E8-9BCD-40C2150A5A43}.Debug|Any CPU.Build.0 = Debug|Any CPU
		{8DF6ED57-53F6-44E8-9BCD-40C2150A5A43}.Release|Any CPU.ActiveCfg = Release|Any CPU
		{8DF6ED57-53F6-44E8-9BCD-40C2150A5A43}.Release|Any CPU.Build.0 = Release|Any CPU
		{7A05758D-761E-4B5D-8A64-B93BE5DA3C93}.Debug|Any CPU.ActiveCfg = Debug|Any CPU
		{7A05758D-761E-4B5D-8A64-B93BE5DA3C93}.Debug|Any CPU.Build.0 = Debug|Any CPU
		{7A05758D-761E-4B5D-8A64-B93BE5DA3C93}.Release|Any CPU.ActiveCfg = Release|Any CPU
		{7A05758D-761E-4B5D-8A64-B93BE5DA3C93}.Release|Any CPU.Build.0 = Release|Any CPU
		{F9938918-B132-4393-A28D-105A24ABA054}.Debug|Any CPU.ActiveCfg = Debug|Any CPU
		{F9938918-B132-4393-A28D-105A24ABA054}.Debug|Any CPU.Build.0 = Debug|Any CPU
		{F9938918-B132-4393-A28D-105A24ABA054}.Release|Any CPU.ActiveCfg = Release|Any CPU
		{F9938918-B132-4393-A28D-105A24ABA054}.Release|Any CPU.Build.0 = Release|Any CPU
		{02355F1C-3256-40C6-92B4-8ACE9E39A6AF}.Debug|Any CPU.ActiveCfg = Debug|Any CPU
		{02355F1C-3256-40C6-92B4-8ACE9E39A6AF}.Debug|Any CPU.Build.0 = Debug|Any CPU
		{02355F1C-3256-40C6-92B4-8ACE9E39A6AF}.Release|Any CPU.ActiveCfg = Release|Any CPU
		{02355F1C-3256-40C6-92B4-8ACE9E39A6AF}.Release|Any CPU.Build.0 = Release|Any CPU
		{EC3AC4A2-7368-4609-999B-29965418372C}.Debug|Any CPU.ActiveCfg = Debug|Any CPU
		{EC3AC4A2-7368-4609-999B-29965418372C}.Debug|Any CPU.Build.0 = Debug|Any CPU
		{EC3AC4A2-7368-4609-999B-29965418372C}.Release|Any CPU.ActiveCfg = Release|Any CPU
		{EC3AC4A2-7368-4609-999B-29965418372C}.Release|Any CPU.Build.0 = Release|Any CPU
		{975D6F8C-1AA5-4E4C-9712-74D6A3D966B6}.Debug|Any CPU.ActiveCfg = Debug|Any CPU
		{975D6F8C-1AA5-4E4C-9712-74D6A3D966B6}.Debug|Any CPU.Build.0 = Debug|Any CPU
		{975D6F8C-1AA5-4E4C-9712-74D6A3D966B6}.Release|Any CPU.ActiveCfg = Release|Any CPU
		{975D6F8C-1AA5-4E4C-9712-74D6A3D966B6}.Release|Any CPU.Build.0 = Release|Any CPU
		{9D8BFBD0-3F33-45C4-B680-6500D76FDFA3}.Debug|Any CPU.ActiveCfg = Debug|Any CPU
		{9D8BFBD0-3F33-45C4-B680-6500D76FDFA3}.Debug|Any CPU.Build.0 = Debug|Any CPU
		{9D8BFBD0-3F33-45C4-B680-6500D76FDFA3}.Release|Any CPU.ActiveCfg = Release|Any CPU
		{9D8BFBD0-3F33-45C4-B680-6500D76FDFA3}.Release|Any CPU.Build.0 = Release|Any CPU
		{F72680EB-12EE-482F-93C8-2F1279E2B710}.Debug|Any CPU.ActiveCfg = Debug|Any CPU
		{F72680EB-12EE-482F-93C8-2F1279E2B710}.Debug|Any CPU.Build.0 = Debug|Any CPU
		{F72680EB-12EE-482F-93C8-2F1279E2B710}.Release|Any CPU.ActiveCfg = Release|Any CPU
		{F72680EB-12EE-482F-93C8-2F1279E2B710}.Release|Any CPU.Build.0 = Release|Any CPU
		{4DA5F35F-E62C-4B49-B5A8-379503257B3A}.Debug|Any CPU.ActiveCfg = Debug|Any CPU
		{4DA5F35F-E62C-4B49-B5A8-379503257B3A}.Debug|Any CPU.Build.0 = Debug|Any CPU
		{4DA5F35F-E62C-4B49-B5A8-379503257B3A}.Release|Any CPU.ActiveCfg = Release|Any CPU
		{4DA5F35F-E62C-4B49-B5A8-379503257B3A}.Release|Any CPU.Build.0 = Release|Any CPU
		{D0E4C97C-7504-464F-881C-9804C1991AB0}.Debug|Any CPU.ActiveCfg = Debug|Any CPU
		{D0E4C97C-7504-464F-881C-9804C1991AB0}.Debug|Any CPU.Build.0 = Debug|Any CPU
		{D0E4C97C-7504-464F-881C-9804C1991AB0}.Release|Any CPU.ActiveCfg = Release|Any CPU
		{D0E4C97C-7504-464F-881C-9804C1991AB0}.Release|Any CPU.Build.0 = Release|Any CPU
		{D494B57F-2AE6-460F-9785-565376409AFC}.Debug|Any CPU.ActiveCfg = Debug|Any CPU
		{D494B57F-2AE6-460F-9785-565376409AFC}.Debug|Any CPU.Build.0 = Debug|Any CPU
		{D494B57F-2AE6-460F-9785-565376409AFC}.Release|Any CPU.ActiveCfg = Release|Any CPU
		{D494B57F-2AE6-460F-9785-565376409AFC}.Release|Any CPU.Build.0 = Release|Any CPU
		{9F6F1121-7570-4031-B775-CCB888038B6A}.Debug|Any CPU.ActiveCfg = Debug|Any CPU
		{9F6F1121-7570-4031-B775-CCB888038B6A}.Debug|Any CPU.Build.0 = Debug|Any CPU
		{9F6F1121-7570-4031-B775-CCB888038B6A}.Release|Any CPU.ActiveCfg = Release|Any CPU
		{9F6F1121-7570-4031-B775-CCB888038B6A}.Release|Any CPU.Build.0 = Release|Any CPU
		{17DB396A-E8CE-4317-B558-8A5C17206518}.Debug|Any CPU.ActiveCfg = Debug|Any CPU
		{17DB396A-E8CE-4317-B558-8A5C17206518}.Debug|Any CPU.Build.0 = Debug|Any CPU
		{17DB396A-E8CE-4317-B558-8A5C17206518}.Release|Any CPU.ActiveCfg = Release|Any CPU
		{17DB396A-E8CE-4317-B558-8A5C17206518}.Release|Any CPU.Build.0 = Release|Any CPU
		{33CB7425-D01A-41DD-B389-0772101BAF05}.Debug|Any CPU.ActiveCfg = Debug|Any CPU
		{33CB7425-D01A-41DD-B389-0772101BAF05}.Debug|Any CPU.Build.0 = Debug|Any CPU
		{33CB7425-D01A-41DD-B389-0772101BAF05}.Release|Any CPU.ActiveCfg = Release|Any CPU
		{33CB7425-D01A-41DD-B389-0772101BAF05}.Release|Any CPU.Build.0 = Release|Any CPU
		{38090550-EAD0-420F-B45B-D76261E7044D}.Debug|Any CPU.ActiveCfg = Debug|Any CPU
		{38090550-EAD0-420F-B45B-D76261E7044D}.Debug|Any CPU.Build.0 = Debug|Any CPU
		{38090550-EAD0-420F-B45B-D76261E7044D}.Release|Any CPU.ActiveCfg = Release|Any CPU
		{38090550-EAD0-420F-B45B-D76261E7044D}.Release|Any CPU.Build.0 = Release|Any CPU
		{57FB1498-3C95-4C13-A8EA-2505FA13E7B3}.Debug|Any CPU.ActiveCfg = Debug|Any CPU
		{57FB1498-3C95-4C13-A8EA-2505FA13E7B3}.Debug|Any CPU.Build.0 = Debug|Any CPU
		{57FB1498-3C95-4C13-A8EA-2505FA13E7B3}.Release|Any CPU.ActiveCfg = Release|Any CPU
		{57FB1498-3C95-4C13-A8EA-2505FA13E7B3}.Release|Any CPU.Build.0 = Release|Any CPU
		{3512D074-E5B4-4F06-AD78-A6117DAC8334}.Debug|Any CPU.ActiveCfg = Debug|Any CPU
		{3512D074-E5B4-4F06-AD78-A6117DAC8334}.Debug|Any CPU.Build.0 = Debug|Any CPU
		{3512D074-E5B4-4F06-AD78-A6117DAC8334}.Release|Any CPU.ActiveCfg = Release|Any CPU
		{3512D074-E5B4-4F06-AD78-A6117DAC8334}.Release|Any CPU.Build.0 = Release|Any CPU
		{677F97F0-2D20-4720-B544-A4959D045383}.Debug|Any CPU.ActiveCfg = Debug|Any CPU
		{677F97F0-2D20-4720-B544-A4959D045383}.Debug|Any CPU.Build.0 = Debug|Any CPU
		{677F97F0-2D20-4720-B544-A4959D045383}.Release|Any CPU.ActiveCfg = Release|Any CPU
		{677F97F0-2D20-4720-B544-A4959D045383}.Release|Any CPU.Build.0 = Release|Any CPU
		{97CB9F52-4116-4909-98CA-A5CA6EF3B034}.Debug|Any CPU.ActiveCfg = Debug|Any CPU
		{97CB9F52-4116-4909-98CA-A5CA6EF3B034}.Debug|Any CPU.Build.0 = Debug|Any CPU
		{97CB9F52-4116-4909-98CA-A5CA6EF3B034}.Release|Any CPU.ActiveCfg = Release|Any CPU
		{97CB9F52-4116-4909-98CA-A5CA6EF3B034}.Release|Any CPU.Build.0 = Release|Any CPU
		{E6900A95-3D80-497D-AD29-998ADC8AD3D7}.Debug|Any CPU.ActiveCfg = Debug|Any CPU
		{E6900A95-3D80-497D-AD29-998ADC8AD3D7}.Debug|Any CPU.Build.0 = Debug|Any CPU
		{E6900A95-3D80-497D-AD29-998ADC8AD3D7}.Release|Any CPU.ActiveCfg = Release|Any CPU
		{E6900A95-3D80-497D-AD29-998ADC8AD3D7}.Release|Any CPU.Build.0 = Release|Any CPU
		{5A721556-43D7-497D-9E4F-7A83AB9EBE1F}.Debug|Any CPU.ActiveCfg = Debug|Any CPU
		{5A721556-43D7-497D-9E4F-7A83AB9EBE1F}.Debug|Any CPU.Build.0 = Debug|Any CPU
		{5A721556-43D7-497D-9E4F-7A83AB9EBE1F}.Release|Any CPU.ActiveCfg = Release|Any CPU
		{5A721556-43D7-497D-9E4F-7A83AB9EBE1F}.Release|Any CPU.Build.0 = Release|Any CPU
		{35D04F8A-131E-4AF5-845A-075D897CCD38}.Debug|Any CPU.ActiveCfg = Debug|Any CPU
		{35D04F8A-131E-4AF5-845A-075D897CCD38}.Debug|Any CPU.Build.0 = Debug|Any CPU
		{35D04F8A-131E-4AF5-845A-075D897CCD38}.Release|Any CPU.ActiveCfg = Release|Any CPU
		{35D04F8A-131E-4AF5-845A-075D897CCD38}.Release|Any CPU.Build.0 = Release|Any CPU
		{0889FCD5-17E7-401A-8377-E308B797AC66}.Debug|Any CPU.ActiveCfg = Debug|Any CPU
		{0889FCD5-17E7-401A-8377-E308B797AC66}.Debug|Any CPU.Build.0 = Debug|Any CPU
		{0889FCD5-17E7-401A-8377-E308B797AC66}.Release|Any CPU.ActiveCfg = Release|Any CPU
		{0889FCD5-17E7-401A-8377-E308B797AC66}.Release|Any CPU.Build.0 = Release|Any CPU
		{CA85F4F3-216C-4EAB-BFBC-4044EE307CD7}.Debug|Any CPU.ActiveCfg = Debug|Any CPU
		{CA85F4F3-216C-4EAB-BFBC-4044EE307CD7}.Debug|Any CPU.Build.0 = Debug|Any CPU
		{CA85F4F3-216C-4EAB-BFBC-4044EE307CD7}.Release|Any CPU.ActiveCfg = Release|Any CPU
		{CA85F4F3-216C-4EAB-BFBC-4044EE307CD7}.Release|Any CPU.Build.0 = Release|Any CPU
		{6FEC3EAC-8D78-4B68-8C9C-07636109D866}.Debug|Any CPU.ActiveCfg = Debug|Any CPU
		{6FEC3EAC-8D78-4B68-8C9C-07636109D866}.Debug|Any CPU.Build.0 = Debug|Any CPU
		{6FEC3EAC-8D78-4B68-8C9C-07636109D866}.Release|Any CPU.ActiveCfg = Release|Any CPU
		{6FEC3EAC-8D78-4B68-8C9C-07636109D866}.Release|Any CPU.Build.0 = Release|Any CPU
		{6F7B43E7-25B0-4CE4-B0FE-5087437540CA}.Debug|Any CPU.ActiveCfg = Debug|Any CPU
		{6F7B43E7-25B0-4CE4-B0FE-5087437540CA}.Debug|Any CPU.Build.0 = Debug|Any CPU
		{6F7B43E7-25B0-4CE4-B0FE-5087437540CA}.Release|Any CPU.ActiveCfg = Release|Any CPU
		{6F7B43E7-25B0-4CE4-B0FE-5087437540CA}.Release|Any CPU.Build.0 = Release|Any CPU
		{9CE00190-3ABE-41E2-966F-76A9B017EB65}.Debug|Any CPU.ActiveCfg = Debug|Any CPU
		{9CE00190-3ABE-41E2-966F-76A9B017EB65}.Debug|Any CPU.Build.0 = Debug|Any CPU
		{9CE00190-3ABE-41E2-966F-76A9B017EB65}.Release|Any CPU.ActiveCfg = Release|Any CPU
		{9CE00190-3ABE-41E2-966F-76A9B017EB65}.Release|Any CPU.Build.0 = Release|Any CPU
		{FC5B52EC-3CF9-42DA-850D-36D110BBE121}.Debug|Any CPU.ActiveCfg = Debug|Any CPU
		{FC5B52EC-3CF9-42DA-850D-36D110BBE121}.Debug|Any CPU.Build.0 = Debug|Any CPU
		{FC5B52EC-3CF9-42DA-850D-36D110BBE121}.Release|Any CPU.ActiveCfg = Release|Any CPU
		{FC5B52EC-3CF9-42DA-850D-36D110BBE121}.Release|Any CPU.Build.0 = Release|Any CPU
		{DDF6FDC9-29A3-43E6-8724-3CE9E26289B6}.Debug|Any CPU.ActiveCfg = Debug|Any CPU
		{DDF6FDC9-29A3-43E6-8724-3CE9E26289B6}.Debug|Any CPU.Build.0 = Debug|Any CPU
		{DDF6FDC9-29A3-43E6-8724-3CE9E26289B6}.Release|Any CPU.ActiveCfg = Release|Any CPU
		{DDF6FDC9-29A3-43E6-8724-3CE9E26289B6}.Release|Any CPU.Build.0 = Release|Any CPU
		{09A8FBDA-B443-4F01-BC64-8115AC31ABB3}.Debug|Any CPU.ActiveCfg = Debug|Any CPU
		{09A8FBDA-B443-4F01-BC64-8115AC31ABB3}.Debug|Any CPU.Build.0 = Debug|Any CPU
		{09A8FBDA-B443-4F01-BC64-8115AC31ABB3}.Release|Any CPU.ActiveCfg = Release|Any CPU
		{09A8FBDA-B443-4F01-BC64-8115AC31ABB3}.Release|Any CPU.Build.0 = Release|Any CPU
		{BB12E69F-0976-407D-A716-542B7D22EE5F}.Debug|Any CPU.ActiveCfg = Debug|Any CPU
		{BB12E69F-0976-407D-A716-542B7D22EE5F}.Debug|Any CPU.Build.0 = Debug|Any CPU
		{BB12E69F-0976-407D-A716-542B7D22EE5F}.Release|Any CPU.ActiveCfg = Release|Any CPU
		{BB12E69F-0976-407D-A716-542B7D22EE5F}.Release|Any CPU.Build.0 = Release|Any CPU
		{AC33341C-4396-47A8-A1D7-0C74C9AA4969}.Debug|Any CPU.ActiveCfg = Debug|Any CPU
		{AC33341C-4396-47A8-A1D7-0C74C9AA4969}.Debug|Any CPU.Build.0 = Debug|Any CPU
		{AC33341C-4396-47A8-A1D7-0C74C9AA4969}.Release|Any CPU.ActiveCfg = Release|Any CPU
		{AC33341C-4396-47A8-A1D7-0C74C9AA4969}.Release|Any CPU.Build.0 = Release|Any CPU
		{A6B41D71-280D-49DE-8E7C-607632D59D15}.Debug|Any CPU.ActiveCfg = Debug|Any CPU
		{A6B41D71-280D-49DE-8E7C-607632D59D15}.Debug|Any CPU.Build.0 = Debug|Any CPU
		{A6B41D71-280D-49DE-8E7C-607632D59D15}.Release|Any CPU.ActiveCfg = Release|Any CPU
		{A6B41D71-280D-49DE-8E7C-607632D59D15}.Release|Any CPU.Build.0 = Release|Any CPU
		{B262E9D8-A4DA-4F70-9ABE-9CEB2D8D6171}.Debug|Any CPU.ActiveCfg = Debug|Any CPU
		{B262E9D8-A4DA-4F70-9ABE-9CEB2D8D6171}.Debug|Any CPU.Build.0 = Debug|Any CPU
		{B262E9D8-A4DA-4F70-9ABE-9CEB2D8D6171}.Release|Any CPU.ActiveCfg = Release|Any CPU
		{B262E9D8-A4DA-4F70-9ABE-9CEB2D8D6171}.Release|Any CPU.Build.0 = Release|Any CPU
		{5279F7EA-8309-4B1C-A089-68ACF917C519}.Debug|Any CPU.ActiveCfg = Debug|Any CPU
		{5279F7EA-8309-4B1C-A089-68ACF917C519}.Debug|Any CPU.Build.0 = Debug|Any CPU
		{5279F7EA-8309-4B1C-A089-68ACF917C519}.Release|Any CPU.ActiveCfg = Release|Any CPU
		{5279F7EA-8309-4B1C-A089-68ACF917C519}.Release|Any CPU.Build.0 = Release|Any CPU
		{BC2AD33D-BA86-4BEF-B5F4-32CD47E026A1}.Debug|Any CPU.ActiveCfg = Debug|Any CPU
		{BC2AD33D-BA86-4BEF-B5F4-32CD47E026A1}.Debug|Any CPU.Build.0 = Debug|Any CPU
		{BC2AD33D-BA86-4BEF-B5F4-32CD47E026A1}.Release|Any CPU.ActiveCfg = Release|Any CPU
		{BC2AD33D-BA86-4BEF-B5F4-32CD47E026A1}.Release|Any CPU.Build.0 = Release|Any CPU
		{B6A3529F-6C4C-4ABF-8853-42C77717FD2B}.Debug|Any CPU.ActiveCfg = Debug|Any CPU
		{B6A3529F-6C4C-4ABF-8853-42C77717FD2B}.Debug|Any CPU.Build.0 = Debug|Any CPU
		{B6A3529F-6C4C-4ABF-8853-42C77717FD2B}.Release|Any CPU.ActiveCfg = Release|Any CPU
		{B6A3529F-6C4C-4ABF-8853-42C77717FD2B}.Release|Any CPU.Build.0 = Release|Any CPU
		{A65D8BC6-6D65-41AA-B409-8FAED243F432}.Debug|Any CPU.ActiveCfg = Debug|Any CPU
		{A65D8BC6-6D65-41AA-B409-8FAED243F432}.Debug|Any CPU.Build.0 = Debug|Any CPU
		{A65D8BC6-6D65-41AA-B409-8FAED243F432}.Release|Any CPU.ActiveCfg = Release|Any CPU
		{A65D8BC6-6D65-41AA-B409-8FAED243F432}.Release|Any CPU.Build.0 = Release|Any CPU
		{EA281F43-9F89-4D66-A403-1BFE799D4761}.Debug|Any CPU.ActiveCfg = Debug|Any CPU
		{EA281F43-9F89-4D66-A403-1BFE799D4761}.Debug|Any CPU.Build.0 = Debug|Any CPU
		{EA281F43-9F89-4D66-A403-1BFE799D4761}.Release|Any CPU.ActiveCfg = Release|Any CPU
		{EA281F43-9F89-4D66-A403-1BFE799D4761}.Release|Any CPU.Build.0 = Release|Any CPU
	EndGlobalSection
	GlobalSection(SolutionProperties) = preSolution
		HideSolutionNode = FALSE
	EndGlobalSection
	GlobalSection(NestedProjects) = preSolution
		{54548A99-0B95-4143-A4DF-2E92EEA5752A} = {4641B8B9-62AD-45A5-B0C0-9F31BBC8B425}
		{D903D279-3F10-45CF-B6B4-6D4E48666B62} = {67FA933C-12AB-44BC-BF7A-6A5F4FD919DD}
		{5CCFEF5A-D043-4F3B-A198-650736EFA8AE} = {67FA933C-12AB-44BC-BF7A-6A5F4FD919DD}
		{909ACC2C-D672-4752-B75B-6822E05FE0E3} = {AAD1EA8B-01A9-4D52-8F72-49563B9C5573}
		{9D49DF40-AE74-4CCE-B628-A1B26E99B2D4} = {821AC088-E913-428E-883E-CB67A3EFB65D}
		{BB5C57F4-D9CB-4440-89A6-D9FF9F41E4E3} = {AAD1EA8B-01A9-4D52-8F72-49563B9C5573}
		{AF502A24-07C4-46D4-A4FA-E49D35BA34A4} = {AAD1EA8B-01A9-4D52-8F72-49563B9C5573}
		{75C5D13F-7558-4B7C-9206-1D08E87A7E79} = {AAD1EA8B-01A9-4D52-8F72-49563B9C5573}
		{9D2AA3C6-A642-4F0D-9FB8-3F009C778E0B} = {AAD1EA8B-01A9-4D52-8F72-49563B9C5573}
		{71BC32D3-96C6-4AA1-AED8-CF1546AB4C21} = {AAD1EA8B-01A9-4D52-8F72-49563B9C5573}
		{BDB0CD8D-7C6C-46F0-A041-6B2E1E0F9C9E} = {AAD1EA8B-01A9-4D52-8F72-49563B9C5573}
		{97CF07E6-8C4A-448D-BAB5-23357C9D0216} = {AAD1EA8B-01A9-4D52-8F72-49563B9C5573}
		{9F48A045-C143-4719-B723-B3567C7DE3D8} = {AAD1EA8B-01A9-4D52-8F72-49563B9C5573}
		{8DF6ED57-53F6-44E8-9BCD-40C2150A5A43} = {AAD1EA8B-01A9-4D52-8F72-49563B9C5573}
		{7A05758D-761E-4B5D-8A64-B93BE5DA3C93} = {AAD1EA8B-01A9-4D52-8F72-49563B9C5573}
		{F9938918-B132-4393-A28D-105A24ABA054} = {AAD1EA8B-01A9-4D52-8F72-49563B9C5573}
		{02355F1C-3256-40C6-92B4-8ACE9E39A6AF} = {AAD1EA8B-01A9-4D52-8F72-49563B9C5573}
		{EC3AC4A2-7368-4609-999B-29965418372C} = {AAD1EA8B-01A9-4D52-8F72-49563B9C5573}
		{975D6F8C-1AA5-4E4C-9712-74D6A3D966B6} = {AAD1EA8B-01A9-4D52-8F72-49563B9C5573}
		{9D8BFBD0-3F33-45C4-B680-6500D76FDFA3} = {AAD1EA8B-01A9-4D52-8F72-49563B9C5573}
		{F72680EB-12EE-482F-93C8-2F1279E2B710} = {AAD1EA8B-01A9-4D52-8F72-49563B9C5573}
		{4DA5F35F-E62C-4B49-B5A8-379503257B3A} = {AAD1EA8B-01A9-4D52-8F72-49563B9C5573}
		{D0E4C97C-7504-464F-881C-9804C1991AB0} = {AAD1EA8B-01A9-4D52-8F72-49563B9C5573}
		{D494B57F-2AE6-460F-9785-565376409AFC} = {AAD1EA8B-01A9-4D52-8F72-49563B9C5573}
		{9F6F1121-7570-4031-B775-CCB888038B6A} = {AAD1EA8B-01A9-4D52-8F72-49563B9C5573}
		{17DB396A-E8CE-4317-B558-8A5C17206518} = {AAD1EA8B-01A9-4D52-8F72-49563B9C5573}
		{33CB7425-D01A-41DD-B389-0772101BAF05} = {AAD1EA8B-01A9-4D52-8F72-49563B9C5573}
		{38090550-EAD0-420F-B45B-D76261E7044D} = {AAD1EA8B-01A9-4D52-8F72-49563B9C5573}
		{57FB1498-3C95-4C13-A8EA-2505FA13E7B3} = {AAD1EA8B-01A9-4D52-8F72-49563B9C5573}
		{3512D074-E5B4-4F06-AD78-A6117DAC8334} = {AAD1EA8B-01A9-4D52-8F72-49563B9C5573}
		{677F97F0-2D20-4720-B544-A4959D045383} = {AAD1EA8B-01A9-4D52-8F72-49563B9C5573}
		{97CB9F52-4116-4909-98CA-A5CA6EF3B034} = {AAD1EA8B-01A9-4D52-8F72-49563B9C5573}
		{E6900A95-3D80-497D-AD29-998ADC8AD3D7} = {AAD1EA8B-01A9-4D52-8F72-49563B9C5573}
		{5A721556-43D7-497D-9E4F-7A83AB9EBE1F} = {AAD1EA8B-01A9-4D52-8F72-49563B9C5573}
		{35D04F8A-131E-4AF5-845A-075D897CCD38} = {AAD1EA8B-01A9-4D52-8F72-49563B9C5573}
		{0889FCD5-17E7-401A-8377-E308B797AC66} = {AAD1EA8B-01A9-4D52-8F72-49563B9C5573}
		{CA85F4F3-216C-4EAB-BFBC-4044EE307CD7} = {AAD1EA8B-01A9-4D52-8F72-49563B9C5573}
		{6FEC3EAC-8D78-4B68-8C9C-07636109D866} = {AAD1EA8B-01A9-4D52-8F72-49563B9C5573}
		{6F7B43E7-25B0-4CE4-B0FE-5087437540CA} = {AAD1EA8B-01A9-4D52-8F72-49563B9C5573}
		{9CE00190-3ABE-41E2-966F-76A9B017EB65} = {AAD1EA8B-01A9-4D52-8F72-49563B9C5573}
		{FC5B52EC-3CF9-42DA-850D-36D110BBE121} = {AAD1EA8B-01A9-4D52-8F72-49563B9C5573}
		{DDF6FDC9-29A3-43E6-8724-3CE9E26289B6} = {AAD1EA8B-01A9-4D52-8F72-49563B9C5573}
		{09A8FBDA-B443-4F01-BC64-8115AC31ABB3} = {AAD1EA8B-01A9-4D52-8F72-49563B9C5573}
		{BB12E69F-0976-407D-A716-542B7D22EE5F} = {AAD1EA8B-01A9-4D52-8F72-49563B9C5573}
		{AC33341C-4396-47A8-A1D7-0C74C9AA4969} = {AAD1EA8B-01A9-4D52-8F72-49563B9C5573}
		{A6B41D71-280D-49DE-8E7C-607632D59D15} = {AAD1EA8B-01A9-4D52-8F72-49563B9C5573}
		{B262E9D8-A4DA-4F70-9ABE-9CEB2D8D6171} = {AAD1EA8B-01A9-4D52-8F72-49563B9C5573}
		{5279F7EA-8309-4B1C-A089-68ACF917C519} = {AAD1EA8B-01A9-4D52-8F72-49563B9C5573}
		{BC2AD33D-BA86-4BEF-B5F4-32CD47E026A1} = {AAD1EA8B-01A9-4D52-8F72-49563B9C5573}
		{B6A3529F-6C4C-4ABF-8853-42C77717FD2B} = {AAD1EA8B-01A9-4D52-8F72-49563B9C5573}
		{A65D8BC6-6D65-41AA-B409-8FAED243F432} = {AAD1EA8B-01A9-4D52-8F72-49563B9C5573}
		{EA281F43-9F89-4D66-A403-1BFE799D4761} = {AAD1EA8B-01A9-4D52-8F72-49563B9C5573}
	EndGlobalSection
EndGlobal
