
Microsoft Visual Studio Solution File, Format Version 12.00
# Visual Studio 14
VisualStudioVersion = 14.0.25420.1
MinimumVisualStudioVersion = 10.0.40219.1
Project("{2150E333-8FDC-42A3-9474-1A3956D46DE8}") = "Libraries", "Libraries", "{821AC088-E913-428E-883E-CB67A3EFB65D}"
EndProject
Project("{2150E333-8FDC-42A3-9474-1A3956D46DE8}") = "Modules", "Modules", "{AAD1EA8B-01A9-4D52-8F72-49563B9C5573}"
EndProject
Project("{2150E333-8FDC-42A3-9474-1A3956D46DE8}") = "Themes", "Themes", "{142C1A4D-CD11-419D-88CE-ED97548901AA}"
EndProject
Project("{2150E333-8FDC-42A3-9474-1A3956D46DE8}") = "ThemesAdmin", "ThemesAdmin", "{ED0344A4-3780-4081-A910-54114DBFC2D9}"
EndProject
Project("{2150E333-8FDC-42A3-9474-1A3956D46DE8}") = "Sites", "Sites", "{4641B8B9-62AD-45A5-B0C0-9F31BBC8B425}"
EndProject
Project("{FAE04EC0-301F-11D3-BF4B-00C04F79EFBC}") = "SitesFiles", "SitesFiles\SitesFiles.csproj", "{54548A99-0B95-4143-A4DF-2E92EEA5752A}"
EndProject
Project("{2150E333-8FDC-42A3-9474-1A3956D46DE8}") = "Utilities", "Utilities", "{67FA933C-12AB-44BC-BF7A-6A5F4FD919DD}"
EndProject
Project("{FAE04EC0-301F-11D3-BF4B-00C04F79EFBC}") = "Laser.Orchard.LinkCreator", "Utilities\Laser.Orchard.LinkCreator\Laser.Orchard.LinkCreator.csproj", "{D903D279-3F10-45CF-B6B4-6D4E48666B62}"
EndProject
Project("{FAE04EC0-301F-11D3-BF4B-00C04F79EFBC}") = "Laser.Orchard.TranslationChecker", "Utilities\Laser.Orchard.TranslationChecker\Laser.Orchard.TranslationChecker.csproj", "{5CCFEF5A-D043-4F3B-A198-650736EFA8AE}"
EndProject
Project("{FAE04EC0-301F-11D3-BF4B-00C04F79EFBC}") = "Nwazet.Commerce", "..\..\Nwazet.Commerce\Nwazet.Commerce.csproj", "{909ACC2C-D672-4752-B75B-6822E05FE0E3}"
EndProject
Project("{FAE04EC0-301F-11D3-BF4B-00C04F79EFBC}") = "Laser.Orchard.Commons", "Libraries\Laser.Orchard.Commons\Laser.Orchard.Commons.csproj", "{9D49DF40-AE74-4CCE-B628-A1B26E99B2D4}"
EndProject
Project("{FAE04EC0-301F-11D3-BF4B-00C04F79EFBC}") = "Contrib.Profile", "Modules\Contrib.Profile\Contrib.Profile.csproj", "{BB5C57F4-D9CB-4440-89A6-D9FF9F41E4E3}"
EndProject
Project("{FAE04EC0-301F-11D3-BF4B-00C04F79EFBC}") = "itWORKS.ExtendedRegistration", "Modules\itWORKS.ExtendedRegistration\itWORKS.ExtendedRegistration.csproj", "{AF502A24-07C4-46D4-A4FA-E49D35BA34A4}"
EndProject
Project("{FAE04EC0-301F-11D3-BF4B-00C04F79EFBC}") = "Laser.Orchard.Accessibility", "Modules\Laser.Orchard.Accessibility\Laser.Orchard.Accessibility.csproj", "{75C5D13F-7558-4B7C-9206-1D08E87A7E79}"
EndProject
Project("{FAE04EC0-301F-11D3-BF4B-00C04F79EFBC}") = "Laser.Orchard.BikeSharing", "Modules\Laser.Orchard.BikeSharing\Laser.Orchard.BikeSharing.csproj", "{9D2AA3C6-A642-4F0D-9FB8-3F009C778E0B}"
EndProject
Project("{FAE04EC0-301F-11D3-BF4B-00C04F79EFBC}") = "Laser.Orchard.ButtonToWorkflows", "Modules\Laser.Orchard.ButtonToWorkflows\Laser.Orchard.ButtonToWorkflows.csproj", "{71BC32D3-96C6-4AA1-AED8-CF1546AB4C21}"
EndProject
Project("{FAE04EC0-301F-11D3-BF4B-00C04F79EFBC}") = "Laser.Orchard.Cookies", "Modules\Laser.Orchard.Cookies\Laser.Orchard.Cookies.csproj", "{BDB0CD8D-7C6C-46F0-A041-6B2E1E0F9C9E}"
EndProject
Project("{FAE04EC0-301F-11D3-BF4B-00C04F79EFBC}") = "Laser.Orchard.DynamicNavigation", "Modules\Laser.Orchard.DynamicNavigation\Laser.Orchard.DynamicNavigation.csproj", "{97CF07E6-8C4A-448D-BAB5-23357C9D0216}"
EndProject
Project("{FAE04EC0-301F-11D3-BF4B-00C04F79EFBC}") = "Laser.Orchard.FAQ", "Modules\Laser.Orchard.Faq\Laser.Orchard.FAQ.csproj", "{9F48A045-C143-4719-B723-B3567C7DE3D8}"
EndProject
Project("{FAE04EC0-301F-11D3-BF4B-00C04F79EFBC}") = "Laser.Orchard.GoogleAnalytics", "Modules\Laser.Orchard.GoogleAnalytics\Laser.Orchard.GoogleAnalytics.csproj", "{8DF6ED57-53F6-44E8-9BCD-40C2150A5A43}"
EndProject
Global
	GlobalSection(SolutionConfigurationPlatforms) = preSolution
		Debug|Any CPU = Debug|Any CPU
		Release|Any CPU = Release|Any CPU
	EndGlobalSection
	GlobalSection(ProjectConfigurationPlatforms) = postSolution
		{54548A99-0B95-4143-A4DF-2E92EEA5752A}.Debug|Any CPU.ActiveCfg = Debug|Any CPU
		{54548A99-0B95-4143-A4DF-2E92EEA5752A}.Release|Any CPU.ActiveCfg = Release|Any CPU
		{D903D279-3F10-45CF-B6B4-6D4E48666B62}.Debug|Any CPU.ActiveCfg = Debug|Any CPU
		{D903D279-3F10-45CF-B6B4-6D4E48666B62}.Debug|Any CPU.Build.0 = Debug|Any CPU
		{D903D279-3F10-45CF-B6B4-6D4E48666B62}.Release|Any CPU.ActiveCfg = Release|Any CPU
		{D903D279-3F10-45CF-B6B4-6D4E48666B62}.Release|Any CPU.Build.0 = Release|Any CPU
		{5CCFEF5A-D043-4F3B-A198-650736EFA8AE}.Debug|Any CPU.ActiveCfg = Debug|Any CPU
		{5CCFEF5A-D043-4F3B-A198-650736EFA8AE}.Debug|Any CPU.Build.0 = Debug|Any CPU
		{5CCFEF5A-D043-4F3B-A198-650736EFA8AE}.Release|Any CPU.ActiveCfg = Release|Any CPU
		{5CCFEF5A-D043-4F3B-A198-650736EFA8AE}.Release|Any CPU.Build.0 = Release|Any CPU
		{909ACC2C-D672-4752-B75B-6822E05FE0E3}.Debug|Any CPU.ActiveCfg = Debug|Any CPU
		{909ACC2C-D672-4752-B75B-6822E05FE0E3}.Debug|Any CPU.Build.0 = Debug|Any CPU
		{909ACC2C-D672-4752-B75B-6822E05FE0E3}.Release|Any CPU.ActiveCfg = Release|Any CPU
		{909ACC2C-D672-4752-B75B-6822E05FE0E3}.Release|Any CPU.Build.0 = Release|Any CPU
		{9D49DF40-AE74-4CCE-B628-A1B26E99B2D4}.Debug|Any CPU.ActiveCfg = Debug|Any CPU
		{9D49DF40-AE74-4CCE-B628-A1B26E99B2D4}.Debug|Any CPU.Build.0 = Debug|Any CPU
		{9D49DF40-AE74-4CCE-B628-A1B26E99B2D4}.Release|Any CPU.ActiveCfg = Release|Any CPU
		{9D49DF40-AE74-4CCE-B628-A1B26E99B2D4}.Release|Any CPU.Build.0 = Release|Any CPU
		{BB5C57F4-D9CB-4440-89A6-D9FF9F41E4E3}.Debug|Any CPU.ActiveCfg = Debug|Any CPU
		{BB5C57F4-D9CB-4440-89A6-D9FF9F41E4E3}.Debug|Any CPU.Build.0 = Debug|Any CPU
		{BB5C57F4-D9CB-4440-89A6-D9FF9F41E4E3}.Release|Any CPU.ActiveCfg = Release|Any CPU
		{BB5C57F4-D9CB-4440-89A6-D9FF9F41E4E3}.Release|Any CPU.Build.0 = Release|Any CPU
		{AF502A24-07C4-46D4-A4FA-E49D35BA34A4}.Debug|Any CPU.ActiveCfg = Debug|Any CPU
		{AF502A24-07C4-46D4-A4FA-E49D35BA34A4}.Debug|Any CPU.Build.0 = Debug|Any CPU
		{AF502A24-07C4-46D4-A4FA-E49D35BA34A4}.Release|Any CPU.ActiveCfg = Release|Any CPU
		{AF502A24-07C4-46D4-A4FA-E49D35BA34A4}.Release|Any CPU.Build.0 = Release|Any CPU
		{75C5D13F-7558-4B7C-9206-1D08E87A7E79}.Debug|Any CPU.ActiveCfg = Debug|Any CPU
		{75C5D13F-7558-4B7C-9206-1D08E87A7E79}.Debug|Any CPU.Build.0 = Debug|Any CPU
		{75C5D13F-7558-4B7C-9206-1D08E87A7E79}.Release|Any CPU.ActiveCfg = Release|Any CPU
		{75C5D13F-7558-4B7C-9206-1D08E87A7E79}.Release|Any CPU.Build.0 = Release|Any CPU
		{9D2AA3C6-A642-4F0D-9FB8-3F009C778E0B}.Debug|Any CPU.ActiveCfg = Debug|Any CPU
		{9D2AA3C6-A642-4F0D-9FB8-3F009C778E0B}.Debug|Any CPU.Build.0 = Debug|Any CPU
		{9D2AA3C6-A642-4F0D-9FB8-3F009C778E0B}.Release|Any CPU.ActiveCfg = Release|Any CPU
		{9D2AA3C6-A642-4F0D-9FB8-3F009C778E0B}.Release|Any CPU.Build.0 = Release|Any CPU
		{71BC32D3-96C6-4AA1-AED8-CF1546AB4C21}.Debug|Any CPU.ActiveCfg = Debug|Any CPU
		{71BC32D3-96C6-4AA1-AED8-CF1546AB4C21}.Debug|Any CPU.Build.0 = Debug|Any CPU
		{71BC32D3-96C6-4AA1-AED8-CF1546AB4C21}.Release|Any CPU.ActiveCfg = Release|Any CPU
		{71BC32D3-96C6-4AA1-AED8-CF1546AB4C21}.Release|Any CPU.Build.0 = Release|Any CPU
		{BDB0CD8D-7C6C-46F0-A041-6B2E1E0F9C9E}.Debug|Any CPU.ActiveCfg = Debug|Any CPU
		{BDB0CD8D-7C6C-46F0-A041-6B2E1E0F9C9E}.Debug|Any CPU.Build.0 = Debug|Any CPU
		{BDB0CD8D-7C6C-46F0-A041-6B2E1E0F9C9E}.Release|Any CPU.ActiveCfg = Release|Any CPU
		{BDB0CD8D-7C6C-46F0-A041-6B2E1E0F9C9E}.Release|Any CPU.Build.0 = Release|Any CPU
		{97CF07E6-8C4A-448D-BAB5-23357C9D0216}.Debug|Any CPU.ActiveCfg = Debug|Any CPU
		{97CF07E6-8C4A-448D-BAB5-23357C9D0216}.Debug|Any CPU.Build.0 = Debug|Any CPU
		{97CF07E6-8C4A-448D-BAB5-23357C9D0216}.Release|Any CPU.ActiveCfg = Release|Any CPU
		{97CF07E6-8C4A-448D-BAB5-23357C9D0216}.Release|Any CPU.Build.0 = Release|Any CPU
		{9F48A045-C143-4719-B723-B3567C7DE3D8}.Debug|Any CPU.ActiveCfg = Debug|Any CPU
		{9F48A045-C143-4719-B723-B3567C7DE3D8}.Debug|Any CPU.Build.0 = Debug|Any CPU
		{9F48A045-C143-4719-B723-B3567C7DE3D8}.Release|Any CPU.ActiveCfg = Release|Any CPU
		{9F48A045-C143-4719-B723-B3567C7DE3D8}.Release|Any CPU.Build.0 = Release|Any CPU
		{8DF6ED57-53F6-44E8-9BCD-40C2150A5A43}.Debug|Any CPU.ActiveCfg = Debug|Any CPU
		{8DF6ED57-53F6-44E8-9BCD-40C2150A5A43}.Debug|Any CPU.Build.0 = Debug|Any CPU
		{8DF6ED57-53F6-44E8-9BCD-40C2150A5A43}.Release|Any CPU.ActiveCfg = Release|Any CPU
		{8DF6ED57-53F6-44E8-9BCD-40C2150A5A43}.Release|Any CPU.Build.0 = Release|Any CPU
	EndGlobalSection
	GlobalSection(SolutionProperties) = preSolution
		HideSolutionNode = FALSE
	EndGlobalSection
	GlobalSection(NestedProjects) = preSolution
		{54548A99-0B95-4143-A4DF-2E92EEA5752A} = {4641B8B9-62AD-45A5-B0C0-9F31BBC8B425}
		{D903D279-3F10-45CF-B6B4-6D4E48666B62} = {67FA933C-12AB-44BC-BF7A-6A5F4FD919DD}
		{5CCFEF5A-D043-4F3B-A198-650736EFA8AE} = {67FA933C-12AB-44BC-BF7A-6A5F4FD919DD}
		{909ACC2C-D672-4752-B75B-6822E05FE0E3} = {AAD1EA8B-01A9-4D52-8F72-49563B9C5573}
		{9D49DF40-AE74-4CCE-B628-A1B26E99B2D4} = {821AC088-E913-428E-883E-CB67A3EFB65D}
		{BB5C57F4-D9CB-4440-89A6-D9FF9F41E4E3} = {AAD1EA8B-01A9-4D52-8F72-49563B9C5573}
		{AF502A24-07C4-46D4-A4FA-E49D35BA34A4} = {AAD1EA8B-01A9-4D52-8F72-49563B9C5573}
		{75C5D13F-7558-4B7C-9206-1D08E87A7E79} = {AAD1EA8B-01A9-4D52-8F72-49563B9C5573}
		{9D2AA3C6-A642-4F0D-9FB8-3F009C778E0B} = {AAD1EA8B-01A9-4D52-8F72-49563B9C5573}
		{71BC32D3-96C6-4AA1-AED8-CF1546AB4C21} = {AAD1EA8B-01A9-4D52-8F72-49563B9C5573}
		{BDB0CD8D-7C6C-46F0-A041-6B2E1E0F9C9E} = {AAD1EA8B-01A9-4D52-8F72-49563B9C5573}
		{97CF07E6-8C4A-448D-BAB5-23357C9D0216} = {AAD1EA8B-01A9-4D52-8F72-49563B9C5573}
		{9F48A045-C143-4719-B723-B3567C7DE3D8} = {AAD1EA8B-01A9-4D52-8F72-49563B9C5573}
		{8DF6ED57-53F6-44E8-9BCD-40C2150A5A43} = {AAD1EA8B-01A9-4D52-8F72-49563B9C5573}
	EndGlobalSection
EndGlobal
